
Microsoft Visual Studio Solution File, Format Version 12.00
# Visual Studio Version 17
VisualStudioVersion = 17.10.35122.118
MinimumVisualStudioVersion = 10.0.40219.1
Project("{FAE04EC0-301F-11D3-BF4B-00C04F79EFBC}") = "ExAluno", "ExAluno\ExAluno.csproj", "{29108340-F363-4BCA-9FD5-D4AC40E61EF4}"
EndProject
Global
	GlobalSection(SolutionConfigurationPlatforms) = preSolution
		Debug|Any CPU = Debug|Any CPU
		Release|Any CPU = Release|Any CPU
	EndGlobalSection
	GlobalSection(ProjectConfigurationPlatforms) = postSolution
		{29108340-F363-4BCA-9FD5-D4AC40E61EF4}.Debug|Any CPU.ActiveCfg = Debug|Any CPU
		{29108340-F363-4BCA-9FD5-D4AC40E61EF4}.Debug|Any CPU.Build.0 = Debug|Any CPU
		{29108340-F363-4BCA-9FD5-D4AC40E61EF4}.Release|Any CPU.ActiveCfg = Release|Any CPU
		{29108340-F363-4BCA-9FD5-D4AC40E61EF4}.Release|Any CPU.Build.0 = Release|Any CPU
	EndGlobalSection
	GlobalSection(SolutionProperties) = preSolution
		HideSolutionNode = FALSE
	EndGlobalSection
	GlobalSection(ExtensibilityGlobals) = postSolution
		SolutionGuid = {437E5B42-6353-40C1-AE83-C462475FF4D2}
	EndGlobalSection
EndGlobal
