
Microsoft Visual Studio Solution File, Format Version 12.00
# Visual Studio Version 17
VisualStudioVersion = 17.10.35122.118
MinimumVisualStudioVersion = 10.0.40219.1
Project("{FAE04EC0-301F-11D3-BF4B-00C04F79EFBC}") = "ExHostel", "ExHostel\ExHostel.csproj", "{2940518B-4C72-4E97-BAD6-75AEA5F08F83}"
EndProject
Global
	GlobalSection(SolutionConfigurationPlatforms) = preSolution
		Debug|Any CPU = Debug|Any CPU
		Release|Any CPU = Release|Any CPU
	EndGlobalSection
	GlobalSection(ProjectConfigurationPlatforms) = postSolution
		{2940518B-4C72-4E97-BAD6-75AEA5F08F83}.Debug|Any CPU.ActiveCfg = Debug|Any CPU
		{2940518B-4C72-4E97-BAD6-75AEA5F08F83}.Debug|Any CPU.Build.0 = Debug|Any CPU
		{2940518B-4C72-4E97-BAD6-75AEA5F08F83}.Release|Any CPU.ActiveCfg = Release|Any CPU
		{2940518B-4C72-4E97-BAD6-75AEA5F08F83}.Release|Any CPU.Build.0 = Release|Any CPU
	EndGlobalSection
	GlobalSection(SolutionProperties) = preSolution
		HideSolutionNode = FALSE
	EndGlobalSection
	GlobalSection(ExtensibilityGlobals) = postSolution
		SolutionGuid = {1D86ADA2-B16A-47CD-872F-480CC8A02128}
	EndGlobalSection
EndGlobal
