
Microsoft Visual Studio Solution File, Format Version 12.00
# Visual Studio Version 17
VisualStudioVersion = 17.10.35122.118
MinimumVisualStudioVersion = 10.0.40219.1
Project("{FAE04EC0-301F-11D3-BF4B-00C04F79EFBC}") = "ExMat1", "ExMat1\ExMat1.csproj", "{5DDC6571-BEFB-4733-AFE0-093164D5B711}"
EndProject
Global
	GlobalSection(SolutionConfigurationPlatforms) = preSolution
		Debug|Any CPU = Debug|Any CPU
		Release|Any CPU = Release|Any CPU
	EndGlobalSection
	GlobalSection(ProjectConfigurationPlatforms) = postSolution
		{5DDC6571-BEFB-4733-AFE0-093164D5B711}.Debug|Any CPU.ActiveCfg = Debug|Any CPU
		{5DDC6571-BEFB-4733-AFE0-093164D5B711}.Debug|Any CPU.Build.0 = Debug|Any CPU
		{5DDC6571-BEFB-4733-AFE0-093164D5B711}.Release|Any CPU.ActiveCfg = Release|Any CPU
		{5DDC6571-BEFB-4733-AFE0-093164D5B711}.Release|Any CPU.Build.0 = Release|Any CPU
	EndGlobalSection
	GlobalSection(SolutionProperties) = preSolution
		HideSolutionNode = FALSE
	EndGlobalSection
	GlobalSection(ExtensibilityGlobals) = postSolution
		SolutionGuid = {4139981F-472D-4D80-A1AB-B10227C13416}
	EndGlobalSection
EndGlobal
